// !$*UTF8*$!
{
	archiveVersion = 1;
	classes = {
	};
	objectVersion = 56;
	objects = {

/* Begin PBXBuildFile section */
		5F5D50B82C0CCF4D009123B2 /* NetworkManager.swift in Sources */ = {isa = PBXBuildFile; fileRef = 5F5D50B72C0CCF4D009123B2 /* NetworkManager.swift */; };
		5FE56F9E2C0CCD480020F5AE /* CustomNetworkSDK.docc in Sources */ = {isa = PBXBuildFile; fileRef = 5FE56F9D2C0CCD480020F5AE /* CustomNetworkSDK.docc */; };
		5FE56FA42C0CCD480020F5AE /* CustomNetworkSDK.framework in Frameworks */ = {isa = PBXBuildFile; fileRef = 5FE56F992C0CCD480020F5AE /* CustomNetworkSDK.framework */; };
		5FE56FA92C0CCD480020F5AE /* CustomNetworkSDKTests.swift in Sources */ = {isa = PBXBuildFile; fileRef = 5FE56FA82C0CCD480020F5AE /* CustomNetworkSDKTests.swift */; };
		5FE56FAA2C0CCD480020F5AE /* CustomNetworkSDK.h in Headers */ = {isa = PBXBuildFile; fileRef = 5FE56F9C2C0CCD480020F5AE /* CustomNetworkSDK.h */; settings = {ATTRIBUTES = (Public, ); }; };
/* End PBXBuildFile section */

/* Begin PBXContainerItemProxy section */
		5FE56FA52C0CCD480020F5AE /* PBXContainerItemProxy */ = {
			isa = PBXContainerItemProxy;
			containerPortal = 5FE56F902C0CCD480020F5AE /* Project object */;
			proxyType = 1;
			remoteGlobalIDString = 5FE56F982C0CCD480020F5AE;
			remoteInfo = CustomNetworkSDK;
		};
/* End PBXContainerItemProxy section */

/* Begin PBXFileReference section */
		5F5D50B72C0CCF4D009123B2 /* NetworkManager.swift */ = {isa = PBXFileReference; lastKnownFileType = sourcecode.swift; path = NetworkManager.swift; sourceTree = "<group>"; };
		5FE56F992C0CCD480020F5AE /* CustomNetworkSDK.framework */ = {isa = PBXFileReference; explicitFileType = wrapper.framework; includeInIndex = 0; path = CustomNetworkSDK.framework; sourceTree = BUILT_PRODUCTS_DIR; };
		5FE56F9C2C0CCD480020F5AE /* CustomNetworkSDK.h */ = {isa = PBXFileReference; lastKnownFileType = sourcecode.c.h; path = CustomNetworkSDK.h; sourceTree = "<group>"; };
		5FE56F9D2C0CCD480020F5AE /* CustomNetworkSDK.docc */ = {isa = PBXFileReference; lastKnownFileType = folder.documentationcatalog; path = CustomNetworkSDK.docc; sourceTree = "<group>"; };
		5FE56FA32C0CCD480020F5AE /* CustomNetworkSDKTests.xctest */ = {isa = PBXFileReference; explicitFileType = wrapper.cfbundle; includeInIndex = 0; path = CustomNetworkSDKTests.xctest; sourceTree = BUILT_PRODUCTS_DIR; };
		5FE56FA82C0CCD480020F5AE /* CustomNetworkSDKTests.swift */ = {isa = PBXFileReference; lastKnownFileType = sourcecode.swift; path = CustomNetworkSDKTests.swift; sourceTree = "<group>"; };
/* End PBXFileReference section */

/* Begin PBXFrameworksBuildPhase section */
		5FE56F962C0CCD480020F5AE /* Frameworks */ = {
			isa = PBXFrameworksBuildPhase;
			buildActionMask = 2147483647;
			files = (
			);
			runOnlyForDeploymentPostprocessing = 0;
		};
		5FE56FA02C0CCD480020F5AE /* Frameworks */ = {
			isa = PBXFrameworksBuildPhase;
			buildActionMask = 2147483647;
			files = (
				5FE56FA42C0CCD480020F5AE /* CustomNetworkSDK.framework in Frameworks */,
			);
			runOnlyForDeploymentPostprocessing = 0;
		};
/* End PBXFrameworksBuildPhase section */

/* Begin PBXGroup section */
		5FE56F8F2C0CCD480020F5AE = {
			isa = PBXGroup;
			children = (
				5F5D50B72C0CCF4D009123B2 /* NetworkManager.swift */,
				5FE56F9B2C0CCD480020F5AE /* CustomNetworkSDK */,
				5FE56FA72C0CCD480020F5AE /* CustomNetworkSDKTests */,
				5FE56F9A2C0CCD480020F5AE /* Products */,
			);
			sourceTree = "<group>";
		};
		5FE56F9A2C0CCD480020F5AE /* Products */ = {
			isa = PBXGroup;
			children = (
				5FE56F992C0CCD480020F5AE /* CustomNetworkSDK.framework */,
				5FE56FA32C0CCD480020F5AE /* CustomNetworkSDKTests.xctest */,
			);
			name = Products;
			sourceTree = "<group>";
		};
		5FE56F9B2C0CCD480020F5AE /* CustomNetworkSDK */ = {
			isa = PBXGroup;
			children = (
				5FE56F9C2C0CCD480020F5AE /* CustomNetworkSDK.h */,
				5FE56F9D2C0CCD480020F5AE /* CustomNetworkSDK.docc */,
			);
			path = CustomNetworkSDK;
			sourceTree = "<group>";
		};
		5FE56FA72C0CCD480020F5AE /* CustomNetworkSDKTests */ = {
			isa = PBXGroup;
			children = (
				5FE56FA82C0CCD480020F5AE /* CustomNetworkSDKTests.swift */,
			);
			path = CustomNetworkSDKTests;
			sourceTree = "<group>";
		};
/* End PBXGroup section */

/* Begin PBXHeadersBuildPhase section */
		5FE56F942C0CCD480020F5AE /* Headers */ = {
			isa = PBXHeadersBuildPhase;
			buildActionMask = 2147483647;
			files = (
				5FE56FAA2C0CCD480020F5AE /* CustomNetworkSDK.h in Headers */,
			);
			runOnlyForDeploymentPostprocessing = 0;
		};
/* End PBXHeadersBuildPhase section */

/* Begin PBXNativeTarget section */
		5FE56F982C0CCD480020F5AE /* CustomNetworkSDK */ = {
			isa = PBXNativeTarget;
			buildConfigurationList = 5FE56FAD2C0CCD480020F5AE /* Build configuration list for PBXNativeTarget "CustomNetworkSDK" */;
			buildPhases = (
				5FE56F942C0CCD480020F5AE /* Headers */,
				5FE56F952C0CCD480020F5AE /* Sources */,
				5FE56F962C0CCD480020F5AE /* Frameworks */,
				5FE56F972C0CCD480020F5AE /* Resources */,
			);
			buildRules = (
			);
			dependencies = (
			);
			name = CustomNetworkSDK;
			productName = CustomNetworkSDK;
			productReference = 5FE56F992C0CCD480020F5AE /* CustomNetworkSDK.framework */;
			productType = "com.apple.product-type.framework";
		};
		5FE56FA22C0CCD480020F5AE /* CustomNetworkSDKTests */ = {
			isa = PBXNativeTarget;
			buildConfigurationList = 5FE56FB02C0CCD480020F5AE /* Build configuration list for PBXNativeTarget "CustomNetworkSDKTests" */;
			buildPhases = (
				5FE56F9F2C0CCD480020F5AE /* Sources */,
				5FE56FA02C0CCD480020F5AE /* Frameworks */,
				5FE56FA12C0CCD480020F5AE /* Resources */,
			);
			buildRules = (
			);
			dependencies = (
				5FE56FA62C0CCD480020F5AE /* PBXTargetDependency */,
			);
			name = CustomNetworkSDKTests;
			productName = CustomNetworkSDKTests;
			productReference = 5FE56FA32C0CCD480020F5AE /* CustomNetworkSDKTests.xctest */;
			productType = "com.apple.product-type.bundle.unit-test";
		};
/* End PBXNativeTarget section */

/* Begin PBXProject section */
		5FE56F902C0CCD480020F5AE /* Project object */ = {
			isa = PBXProject;
			attributes = {
				BuildIndependentTargetsInParallel = 1;
				LastSwiftUpdateCheck = 1530;
				LastUpgradeCheck = 1530;
				TargetAttributes = {
					5FE56F982C0CCD480020F5AE = {
						CreatedOnToolsVersion = 15.3;
					};
					5FE56FA22C0CCD480020F5AE = {
						CreatedOnToolsVersion = 15.3;
					};
				};
			};
			buildConfigurationList = 5FE56F932C0CCD480020F5AE /* Build configuration list for PBXProject "CustomNetworkSDK" */;
			compatibilityVersion = "Xcode 14.0";
			developmentRegion = en;
			hasScannedForEncodings = 0;
			knownRegions = (
				en,
				Base,
			);
			mainGroup = 5FE56F8F2C0CCD480020F5AE;
			productRefGroup = 5FE56F9A2C0CCD480020F5AE /* Products */;
			projectDirPath = "";
			projectRoot = "";
			targets = (
				5FE56F982C0CCD480020F5AE /* CustomNetworkSDK */,
				5FE56FA22C0CCD480020F5AE /* CustomNetworkSDKTests */,
			);
		};
/* End PBXProject section */

/* Begin PBXResourcesBuildPhase section */
		5FE56F972C0CCD480020F5AE /* Resources */ = {
			isa = PBXResourcesBuildPhase;
			buildActionMask = 2147483647;
			files = (
			);
			runOnlyForDeploymentPostprocessing = 0;
		};
		5FE56FA12C0CCD480020F5AE /* Resources */ = {
			isa = PBXResourcesBuildPhase;
			buildActionMask = 2147483647;
			files = (
			);
			runOnlyForDeploymentPostprocessing = 0;
		};
/* End PBXResourcesBuildPhase section */

/* Begin PBXSourcesBuildPhase section */
		5FE56F952C0CCD480020F5AE /* Sources */ = {
			isa = PBXSourcesBuildPhase;
			buildActionMask = 2147483647;
			files = (
				5F5D50B82C0CCF4D009123B2 /* NetworkManager.swift in Sources */,
				5FE56F9E2C0CCD480020F5AE /* CustomNetworkSDK.docc in Sources */,
			);
			runOnlyForDeploymentPostprocessing = 0;
		};
		5FE56F9F2C0CCD480020F5AE /* Sources */ = {
			isa = PBXSourcesBuildPhase;
			buildActionMask = 2147483647;
			files = (
				5FE56FA92C0CCD480020F5AE /* CustomNetworkSDKTests.swift in Sources */,
			);
			runOnlyForDeploymentPostprocessing = 0;
		};
/* End PBXSourcesBuildPhase section */

/* Begin PBXTargetDependency section */
		5FE56FA62C0CCD480020F5AE /* PBXTargetDependency */ = {
			isa = PBXTargetDependency;
			target = 5FE56F982C0CCD480020F5AE /* CustomNetworkSDK */;
			targetProxy = 5FE56FA52C0CCD480020F5AE /* PBXContainerItemProxy */;
		};
/* End PBXTargetDependency section */

/* Begin XCBuildConfiguration section */
		5FE56FAB2C0CCD480020F5AE /* Debug */ = {
			isa = XCBuildConfiguration;
			buildSettings = {
				ALWAYS_SEARCH_USER_PATHS = NO;
				ASSETCATALOG_COMPILER_GENERATE_SWIFT_ASSET_SYMBOL_EXTENSIONS = YES;
				CLANG_ANALYZER_NONNULL = YES;
				CLANG_ANALYZER_NUMBER_OBJECT_CONVERSION = YES_AGGRESSIVE;
				CLANG_CXX_LANGUAGE_STANDARD = "gnu++20";
				CLANG_ENABLE_MODULES = YES;
				CLANG_ENABLE_OBJC_ARC = YES;
				CLANG_ENABLE_OBJC_WEAK = YES;
				CLANG_WARN_BLOCK_CAPTURE_AUTORELEASING = YES;
				CLANG_WARN_BOOL_CONVERSION = YES;
				CLANG_WARN_COMMA = YES;
				CLANG_WARN_CONSTANT_CONVERSION = YES;
				CLANG_WARN_DEPRECATED_OBJC_IMPLEMENTATIONS = YES;
				CLANG_WARN_DIRECT_OBJC_ISA_USAGE = YES_ERROR;
				CLANG_WARN_DOCUMENTATION_COMMENTS = YES;
				CLANG_WARN_EMPTY_BODY = YES;
				CLANG_WARN_ENUM_CONVERSION = YES;
				CLANG_WARN_INFINITE_RECURSION = YES;
				CLANG_WARN_INT_CONVERSION = YES;
				CLANG_WARN_NON_LITERAL_NULL_CONVERSION = YES;
				CLANG_WARN_OBJC_IMPLICIT_RETAIN_SELF = YES;
				CLANG_WARN_OBJC_LITERAL_CONVERSION = YES;
				CLANG_WARN_OBJC_ROOT_CLASS = YES_ERROR;
				CLANG_WARN_QUOTED_INCLUDE_IN_FRAMEWORK_HEADER = YES;
				CLANG_WARN_RANGE_LOOP_ANALYSIS = YES;
				CLANG_WARN_STRICT_PROTOTYPES = YES;
				CLANG_WARN_SUSPICIOUS_MOVE = YES;
				CLANG_WARN_UNGUARDED_AVAILABILITY = YES_AGGRESSIVE;
				CLANG_WARN_UNREACHABLE_CODE = YES;
				CLANG_WARN__DUPLICATE_METHOD_MATCH = YES;
				COPY_PHASE_STRIP = NO;
				CURRENT_PROJECT_VERSION = 1;
				DEBUG_INFORMATION_FORMAT = dwarf;
				ENABLE_STRICT_OBJC_MSGSEND = YES;
				ENABLE_TESTABILITY = YES;
				ENABLE_USER_SCRIPT_SANDBOXING = YES;
				GCC_C_LANGUAGE_STANDARD = gnu17;
				GCC_DYNAMIC_NO_PIC = NO;
				GCC_NO_COMMON_BLOCKS = YES;
				GCC_OPTIMIZATION_LEVEL = 0;
				GCC_PREPROCESSOR_DEFINITIONS = (
					"DEBUG=1",
					"$(inherited)",
				);
				GCC_WARN_64_TO_32_BIT_CONVERSION = YES;
				GCC_WARN_ABOUT_RETURN_TYPE = YES_ERROR;
				GCC_WARN_UNDECLARED_SELECTOR = YES;
				GCC_WARN_UNINITIALIZED_AUTOS = YES_AGGRESSIVE;
				GCC_WARN_UNUSED_FUNCTION = YES;
				GCC_WARN_UNUSED_VARIABLE = YES;
				IPHONEOS_DEPLOYMENT_TARGET = 17.4;
				LOCALIZATION_PREFERS_STRING_CATALOGS = YES;
				MTL_ENABLE_DEBUG_INFO = INCLUDE_SOURCE;
				MTL_FAST_MATH = YES;
				ONLY_ACTIVE_ARCH = YES;
				SDKROOT = iphoneos;
				SWIFT_ACTIVE_COMPILATION_CONDITIONS = "DEBUG $(inherited)";
				SWIFT_OPTIMIZATION_LEVEL = "-Onone";
				VERSIONING_SYSTEM = "apple-generic";
				VERSION_INFO_PREFIX = "";
			};
			name = Debug;
		};
		5FE56FAC2C0CCD480020F5AE /* Release */ = {
			isa = XCBuildConfiguration;
			buildSettings = {
				ALWAYS_SEARCH_USER_PATHS = NO;
				ASSETCATALOG_COMPILER_GENERATE_SWIFT_ASSET_SYMBOL_EXTENSIONS = YES;
				CLANG_ANALYZER_NONNULL = YES;
				CLANG_ANALYZER_NUMBER_OBJECT_CONVERSION = YES_AGGRESSIVE;
				CLANG_CXX_LANGUAGE_STANDARD = "gnu++20";
				CLANG_ENABLE_MODULES = YES;
				CLANG_ENABLE_OBJC_ARC = YES;
				CLANG_ENABLE_OBJC_WEAK = YES;
				CLANG_WARN_BLOCK_CAPTURE_AUTORELEASING = YES;
				CLANG_WARN_BOOL_CONVERSION = YES;
				CLANG_WARN_COMMA = YES;
				CLANG_WARN_CONSTANT_CONVERSION = YES;
				CLANG_WARN_DEPRECATED_OBJC_IMPLEMENTATIONS = YES;
				CLANG_WARN_DIRECT_OBJC_ISA_USAGE = YES_ERROR;
				CLANG_WARN_DOCUMENTATION_COMMENTS = YES;
				CLANG_WARN_EMPTY_BODY = YES;
				CLANG_WARN_ENUM_CONVERSION = YES;
				CLANG_WARN_INFINITE_RECURSION = YES;
				CLANG_WARN_INT_CONVERSION = YES;
				CLANG_WARN_NON_LITERAL_NULL_CONVERSION = YES;
				CLANG_WARN_OBJC_IMPLICIT_RETAIN_SELF = YES;
				CLANG_WARN_OBJC_LITERAL_CONVERSION = YES;
				CLANG_WARN_OBJC_ROOT_CLASS = YES_ERROR;
				CLANG_WARN_QUOTED_INCLUDE_IN_FRAMEWORK_HEADER = YES;
				CLANG_WARN_RANGE_LOOP_ANALYSIS = YES;
				CLANG_WARN_STRICT_PROTOTYPES = YES;
				CLANG_WARN_SUSPICIOUS_MOVE = YES;
				CLANG_WARN_UNGUARDED_AVAILABILITY = YES_AGGRESSIVE;
				CLANG_WARN_UNREACHABLE_CODE = YES;
				CLANG_WARN__DUPLICATE_METHOD_MATCH = YES;
				COPY_PHASE_STRIP = NO;
				CURRENT_PROJECT_VERSION = 1;
				DEBUG_INFORMATION_FORMAT = "dwarf-with-dsym";
				ENABLE_NS_ASSERTIONS = NO;
				ENABLE_STRICT_OBJC_MSGSEND = YES;
				ENABLE_USER_SCRIPT_SANDBOXING = YES;
				GCC_C_LANGUAGE_STANDARD = gnu17;
				GCC_NO_COMMON_BLOCKS = YES;
				GCC_WARN_64_TO_32_BIT_CONVERSION = YES;
				GCC_WARN_ABOUT_RETURN_TYPE = YES_ERROR;
				GCC_WARN_UNDECLARED_SELECTOR = YES;
				GCC_WARN_UNINITIALIZED_AUTOS = YES_AGGRESSIVE;
				GCC_WARN_UNUSED_FUNCTION = YES;
				GCC_WARN_UNUSED_VARIABLE = YES;
				IPHONEOS_DEPLOYMENT_TARGET = 17.4;
				LOCALIZATION_PREFERS_STRING_CATALOGS = YES;
				MTL_ENABLE_DEBUG_INFO = NO;
				MTL_FAST_MATH = YES;
				SDKROOT = iphoneos;
				SWIFT_COMPILATION_MODE = wholemodule;
				VALIDATE_PRODUCT = YES;
				VERSIONING_SYSTEM = "apple-generic";
				VERSION_INFO_PREFIX = "";
			};
			name = Release;
		};
		5FE56FAE2C0CCD480020F5AE /* Debug */ = {
			isa = XCBuildConfiguration;
			buildSettings = {
				BUILD_LIBRARY_FOR_DISTRIBUTION = YES;
				CODE_SIGN_STYLE = Automatic;
				CURRENT_PROJECT_VERSION = 1;
				DEFINES_MODULE = YES;
				DEVELOPMENT_TEAM = 42FTS4FH9W;
				DYLIB_COMPATIBILITY_VERSION = 1;
				DYLIB_CURRENT_VERSION = 1;
				DYLIB_INSTALL_NAME_BASE = "@rpath";
				ENABLE_MODULE_VERIFIER = YES;
				GENERATE_INFOPLIST_FILE = YES;
				INFOPLIST_KEY_NSHumanReadableCopyright = "";
				INSTALL_PATH = "$(LOCAL_LIBRARY_DIR)/Frameworks";
				LD_RUNPATH_SEARCH_PATHS = (
					"$(inherited)",
					"@executable_path/Frameworks",
					"@loader_path/Frameworks",
				);
				MARKETING_VERSION = 1.0;
				MODULE_VERIFIER_SUPPORTED_LANGUAGES = "objective-c objective-c++";
				MODULE_VERIFIER_SUPPORTED_LANGUAGE_STANDARDS = "gnu17 gnu++20";
				PRODUCT_BUNDLE_IDENTIFIER = suf.CustomNetworkSDK;
				PRODUCT_NAME = "$(TARGET_NAME:c99extidentifier)";
				SKIP_INSTALL = YES;
				SWIFT_EMIT_LOC_STRINGS = YES;
				SWIFT_INSTALL_OBJC_HEADER = NO;
				SWIFT_VERSION = 5.0;
				TARGETED_DEVICE_FAMILY = "1,2";
			};
			name = Debug;
		};
		5FE56FAF2C0CCD480020F5AE /* Release */ = {
			isa = XCBuildConfiguration;
			buildSettings = {
				BUILD_LIBRARY_FOR_DISTRIBUTION = YES;
				CODE_SIGN_STYLE = Automatic;
				CURRENT_PROJECT_VERSION = 1;
				DEFINES_MODULE = YES;
				DEVELOPMENT_TEAM = 42FTS4FH9W;
				DYLIB_COMPATIBILITY_VERSION = 1;
				DYLIB_CURRENT_VERSION = 1;
				DYLIB_INSTALL_NAME_BASE = "@rpath";
				ENABLE_MODULE_VERIFIER = YES;
				GENERATE_INFOPLIST_FILE = YES;
				INFOPLIST_KEY_NSHumanReadableCopyright = "";
				INSTALL_PATH = "$(LOCAL_LIBRARY_DIR)/Frameworks";
				LD_RUNPATH_SEARCH_PATHS = (
					"$(inherited)",
					"@executable_path/Frameworks",
					"@loader_path/Frameworks",
				);
				MARKETING_VERSION = 1.0;
				MODULE_VERIFIER_SUPPORTED_LANGUAGES = "objective-c objective-c++";
				MODULE_VERIFIER_SUPPORTED_LANGUAGE_STANDARDS = "gnu17 gnu++20";
				PRODUCT_BUNDLE_IDENTIFIER = suf.CustomNetworkSDK;
				PRODUCT_NAME = "$(TARGET_NAME:c99extidentifier)";
				SKIP_INSTALL = YES;
				SWIFT_EMIT_LOC_STRINGS = YES;
				SWIFT_INSTALL_OBJC_HEADER = NO;
				SWIFT_VERSION = 5.0;
				TARGETED_DEVICE_FAMILY = "1,2";
			};
			name = Release;
		};
		5FE56FB12C0CCD480020F5AE /* Debug */ = {
			isa = XCBuildConfiguration;
			buildSettings = {
				ALWAYS_EMBED_SWIFT_STANDARD_LIBRARIES = YES;
				CODE_SIGN_STYLE = Automatic;
				CURRENT_PROJECT_VERSION = 1;
				DEVELOPMENT_TEAM = 42FTS4FH9W;
				GENERATE_INFOPLIST_FILE = YES;
				MARKETING_VERSION = 1.0;
				PRODUCT_BUNDLE_IDENTIFIER = suf.CustomNetworkSDKTests;
				PRODUCT_NAME = "$(TARGET_NAME)";
				SWIFT_EMIT_LOC_STRINGS = NO;
				SWIFT_VERSION = 5.0;
				TARGETED_DEVICE_FAMILY = "1,2";
			};
			name = Debug;
		};
		5FE56FB22C0CCD480020F5AE /* Release */ = {
			isa = XCBuildConfiguration;
			buildSettings = {
				ALWAYS_EMBED_SWIFT_STANDARD_LIBRARIES = YES;
				CODE_SIGN_STYLE = Automatic;
				CURRENT_PROJECT_VERSION = 1;
				DEVELOPMENT_TEAM = 42FTS4FH9W;
				GENERATE_INFOPLIST_FILE = YES;
				MARKETING_VERSION = 1.0;
				PRODUCT_BUNDLE_IDENTIFIER = suf.CustomNetworkSDKTests;
				PRODUCT_NAME = "$(TARGET_NAME)";
				SWIFT_EMIT_LOC_STRINGS = NO;
				SWIFT_VERSION = 5.0;
				TARGETED_DEVICE_FAMILY = "1,2";
			};
			name = Release;
		};
/* End XCBuildConfiguration section */

/* Begin XCConfigurationList section */
		5FE56F932C0CCD480020F5AE /* Build configuration list for PBXProject "CustomNetworkSDK" */ = {
			isa = XCConfigurationList;
			buildConfigurations = (
				5FE56FAB2C0CCD480020F5AE /* Debug */,
				5FE56FAC2C0CCD480020F5AE /* Release */,
			);
			defaultConfigurationIsVisible = 0;
			defaultConfigurationName = Release;
		};
		5FE56FAD2C0CCD480020F5AE /* Build configuration list for PBXNativeTarget "CustomNetworkSDK" */ = {
			isa = XCConfigurationList;
			buildConfigurations = (
				5FE56FAE2C0CCD480020F5AE /* Debug */,
				5FE56FAF2C0CCD480020F5AE /* Release */,
			);
			defaultConfigurationIsVisible = 0;
			defaultConfigurationName = Release;
		};
		5FE56FB02C0CCD480020F5AE /* Build configuration list for PBXNativeTarget "CustomNetworkSDKTests" */ = {
			isa = XCConfigurationList;
			buildConfigurations = (
				5FE56FB12C0CCD480020F5AE /* Debug */,
				5FE56FB22C0CCD480020F5AE /* Release */,
			);
			defaultConfigurationIsVisible = 0;
			defaultConfigurationName = Release;
		};
/* End XCConfigurationList section */
	};
	rootObject = 5FE56F902C0CCD480020F5AE /* Project object */;
}
